
Microsoft Visual Studio Solution File, Format Version 12.00
# Visual Studio Version 17
VisualStudioVersion = 17.14.36603.0
MinimumVisualStudioVersion = 10.0.40219.1
Project("{FAE04EC0-301F-11D3-BF4B-00C04F79EFBC}") = "01. Smallest of Three Numbers", "01. Smallest of Three Numbers\01. Smallest of Three Numbers.csproj", "{A9C9A397-CDC5-4451-BDB7-B7CD11F4F103}"
EndProject
Project("{FAE04EC0-301F-11D3-BF4B-00C04F79EFBC}") = "02. Vowels Count", "02. Vowels Count\02. Vowels Count.csproj", "{562A15CE-249B-4FB6-9E55-3B3CF691F112}"
EndProject
Project("{FAE04EC0-301F-11D3-BF4B-00C04F79EFBC}") = "03. Characters in Range", "03. Characters in Range\03. Characters in Range.csproj", "{93763565-F937-47CC-ADC9-39F0776F41D6}"
EndProject
Project("{FAE04EC0-301F-11D3-BF4B-00C04F79EFBC}") = "04. Password Validator", "04. Password Validator\04. Password Validator.csproj", "{639CDE0C-A82E-4F79-85A1-D74D07FC2265}"
EndProject
Project("{FAE04EC0-301F-11D3-BF4B-00C04F79EFBC}") = "05. Add and Subtract", "05. Add and Subtract\05. Add and Subtract.csproj", "{016FA186-613D-465C-BF23-EF8E014DA9D4}"
EndProject
Project("{FAE04EC0-301F-11D3-BF4B-00C04F79EFBC}") = "06. Middle Characters", "06. Middle Characters\06. Middle Characters.csproj", "{1A67053C-0BA4-44DE-B2F2-43ABB025869B}"
EndProject
Global
	GlobalSection(SolutionConfigurationPlatforms) = preSolution
		Debug|Any CPU = Debug|Any CPU
		Release|Any CPU = Release|Any CPU
	EndGlobalSection
	GlobalSection(ProjectConfigurationPlatforms) = postSolution
		{A9C9A397-CDC5-4451-BDB7-B7CD11F4F103}.Debug|Any CPU.ActiveCfg = Debug|Any CPU
		{A9C9A397-CDC5-4451-BDB7-B7CD11F4F103}.Debug|Any CPU.Build.0 = Debug|Any CPU
		{A9C9A397-CDC5-4451-BDB7-B7CD11F4F103}.Release|Any CPU.ActiveCfg = Release|Any CPU
		{A9C9A397-CDC5-4451-BDB7-B7CD11F4F103}.Release|Any CPU.Build.0 = Release|Any CPU
		{562A15CE-249B-4FB6-9E55-3B3CF691F112}.Debug|Any CPU.ActiveCfg = Debug|Any CPU
		{562A15CE-249B-4FB6-9E55-3B3CF691F112}.Debug|Any CPU.Build.0 = Debug|Any CPU
		{562A15CE-249B-4FB6-9E55-3B3CF691F112}.Release|Any CPU.ActiveCfg = Release|Any CPU
		{562A15CE-249B-4FB6-9E55-3B3CF691F112}.Release|Any CPU.Build.0 = Release|Any CPU
		{93763565-F937-47CC-ADC9-39F0776F41D6}.Debug|Any CPU.ActiveCfg = Debug|Any CPU
		{93763565-F937-47CC-ADC9-39F0776F41D6}.Debug|Any CPU.Build.0 = Debug|Any CPU
		{93763565-F937-47CC-ADC9-39F0776F41D6}.Release|Any CPU.ActiveCfg = Release|Any CPU
		{93763565-F937-47CC-ADC9-39F0776F41D6}.Release|Any CPU.Build.0 = Release|Any CPU
		{639CDE0C-A82E-4F79-85A1-D74D07FC2265}.Debug|Any CPU.ActiveCfg = Debug|Any CPU
		{639CDE0C-A82E-4F79-85A1-D74D07FC2265}.Debug|Any CPU.Build.0 = Debug|Any CPU
		{639CDE0C-A82E-4F79-85A1-D74D07FC2265}.Release|Any CPU.ActiveCfg = Release|Any CPU
		{639CDE0C-A82E-4F79-85A1-D74D07FC2265}.Release|Any CPU.Build.0 = Release|Any CPU
		{016FA186-613D-465C-BF23-EF8E014DA9D4}.Debug|Any CPU.ActiveCfg = Debug|Any CPU
		{016FA186-613D-465C-BF23-EF8E014DA9D4}.Debug|Any CPU.Build.0 = Debug|Any CPU
		{016FA186-613D-465C-BF23-EF8E014DA9D4}.Release|Any CPU.ActiveCfg = Release|Any CPU
		{016FA186-613D-465C-BF23-EF8E014DA9D4}.Release|Any CPU.Build.0 = Release|Any CPU
		{1A67053C-0BA4-44DE-B2F2-43ABB025869B}.Debug|Any CPU.ActiveCfg = Debug|Any CPU
		{1A67053C-0BA4-44DE-B2F2-43ABB025869B}.Debug|Any CPU.Build.0 = Debug|Any CPU
		{1A67053C-0BA4-44DE-B2F2-43ABB025869B}.Release|Any CPU.ActiveCfg = Release|Any CPU
		{1A67053C-0BA4-44DE-B2F2-43ABB025869B}.Release|Any CPU.Build.0 = Release|Any CPU
	EndGlobalSection
	GlobalSection(SolutionProperties) = preSolution
		HideSolutionNode = FALSE
	EndGlobalSection
	GlobalSection(ExtensibilityGlobals) = postSolution
		SolutionGuid = {6B6ADB72-CDEA-4E58-8221-E32A1837E45A}
	EndGlobalSection
EndGlobal
